
Microsoft Visual Studio Solution File, Format Version 12.00
# Visual Studio Version 16
VisualStudioVersion = 16.0.30104.148
MinimumVisualStudioVersion = 10.0.40219.1
Project("{FAE04EC0-301F-11D3-BF4B-00C04F79EFBC}") = "GitSame", "GitSame\GitSame.csproj", "{77CA3406-0CDE-4563-84E7-5343A8BF25EC}"
EndProject
Project("{FAE04EC0-301F-11D3-BF4B-00C04F79EFBC}") = "GitApi", "GitApi\GitApi.csproj", "{2851E258-A74C-426F-99D1-4934C895E8B6}"
EndProject
Global
	GlobalSection(SolutionConfigurationPlatforms) = preSolution
		Debug|Any CPU = Debug|Any CPU
		Release|Any CPU = Release|Any CPU
	EndGlobalSection
	GlobalSection(ProjectConfigurationPlatforms) = postSolution
		{77CA3406-0CDE-4563-84E7-5343A8BF25EC}.Debug|Any CPU.ActiveCfg = Debug|Any CPU
		{77CA3406-0CDE-4563-84E7-5343A8BF25EC}.Debug|Any CPU.Build.0 = Debug|Any CPU
		{77CA3406-0CDE-4563-84E7-5343A8BF25EC}.Release|Any CPU.ActiveCfg = Release|Any CPU
		{77CA3406-0CDE-4563-84E7-5343A8BF25EC}.Release|Any CPU.Build.0 = Release|Any CPU
		{2851E258-A74C-426F-99D1-4934C895E8B6}.Debug|Any CPU.ActiveCfg = Debug|Any CPU
		{2851E258-A74C-426F-99D1-4934C895E8B6}.Debug|Any CPU.Build.0 = Debug|Any CPU
		{2851E258-A74C-426F-99D1-4934C895E8B6}.Release|Any CPU.ActiveCfg = Release|Any CPU
		{2851E258-A74C-426F-99D1-4934C895E8B6}.Release|Any CPU.Build.0 = Release|Any CPU
	EndGlobalSection
	GlobalSection(SolutionProperties) = preSolution
		HideSolutionNode = FALSE
	EndGlobalSection
	GlobalSection(ExtensibilityGlobals) = postSolution
		SolutionGuid = {8E4C85C0-62CF-470F-BC1A-A2B0850CDB68}
	EndGlobalSection
EndGlobal
